
Microsoft Visual Studio Solution File, Format Version 12.00
# Visual Studio Version 17
VisualStudioVersion = 17.9.34616.47
MinimumVisualStudioVersion = 10.0.40219.1
Project("{FAE04EC0-301F-11D3-BF4B-00C04F79EFBC}") = "ProducaoAPI", "ProducaoAPI\ProducaoAPI.csproj", "{EEDFB38A-A988-4E88-80DF-7A773EBEA767}"
EndProject
Global
	GlobalSection(SolutionConfigurationPlatforms) = preSolution
		Debug|Any CPU = Debug|Any CPU
		Release|Any CPU = Release|Any CPU
	EndGlobalSection
	GlobalSection(ProjectConfigurationPlatforms) = postSolution
		{EEDFB38A-A988-4E88-80DF-7A773EBEA767}.Debug|Any CPU.ActiveCfg = Debug|Any CPU
		{EEDFB38A-A988-4E88-80DF-7A773EBEA767}.Debug|Any CPU.Build.0 = Debug|Any CPU
		{EEDFB38A-A988-4E88-80DF-7A773EBEA767}.Release|Any CPU.ActiveCfg = Release|Any CPU
		{EEDFB38A-A988-4E88-80DF-7A773EBEA767}.Release|Any CPU.Build.0 = Release|Any CPU
	EndGlobalSection
	GlobalSection(SolutionProperties) = preSolution
		HideSolutionNode = FALSE
	EndGlobalSection
	GlobalSection(ExtensibilityGlobals) = postSolution
		SolutionGuid = {A9097174-35FF-45FC-B18B-A2DC679542E1}
	EndGlobalSection
EndGlobal
